Microsoft Visual Studio Solution File, Format Version 11.00
# Visual Studio 2008

Project("{D8270605-9D23-23E2-FDF6-F43A100EDE8D}") = "NewContraChoices", "Assembly-CSharp.csproj", "{27004FD8-B0C6-1B83-2EB2-6B9832E510FB}"
EndProject
Global
	GlobalSection(SolutionConfigurationPlatforms) = preSolution
		Debug|Any CPU = Debug|Any CPU
		Release|Any CPU = Release|Any CPU
	EndGlobalSection
	GlobalSection(ProjectConfigurationPlatforms) = postSolution
		{27004FD8-B0C6-1B83-2EB2-6B9832E510FB}.Debug|Any CPU.ActiveCfg = Debug|Any CPU
		{27004FD8-B0C6-1B83-2EB2-6B9832E510FB}.Debug|Any CPU.Build.0 = Debug|Any CPU
		{27004FD8-B0C6-1B83-2EB2-6B9832E510FB}.Release|Any CPU.ActiveCfg = Release|Any CPU
		{27004FD8-B0C6-1B83-2EB2-6B9832E510FB}.Release|Any CPU.Build.0 = Release|Any CPU
	EndGlobalSection
	GlobalSection(SolutionProperties) = preSolution
		HideSolutionNode = FALSE
	EndGlobalSection
																		GlobalSection(MonoDevelopProperties) = preSolution
		StartupItem = Assembly-CSharp.csproj
		Policies = $0
		$0.TextStylePolicy = $1
		$1.inheritsSet = null
		$1.scope = text/x-csharp
		$0.CSharpFormattingPolicy = $2
		$2.inheritsSet = Mono
		$2.inheritsScope = text/x-csharp
		$2.scope = text/x-csharp
		$0.TextStylePolicy = $3
		$3.FileWidth = 120
		$3.TabWidth = 4
		$3.EolMarker = Unix
		$3.inheritsSet = Mono
		$3.inheritsScope = text/plain
		$3.scope = text/plain
	EndGlobalSection

EndGlobal
